
Microsoft Visual Studio Solution File, Format Version 12.00
Project("{FAE04EC0-301F-11D3-BF4B-00C04F79EFBC}") = "pr2_3", "pr2_3\pr2_3.csproj", "{2495765A-0B39-4150-80A2-3BA5CA1F3B25}"
EndProject
Global
	GlobalSection(SolutionConfigurationPlatforms) = preSolution
		Debug|Any CPU = Debug|Any CPU
		Release|Any CPU = Release|Any CPU
	EndGlobalSection
	GlobalSection(ProjectConfigurationPlatforms) = postSolution
		{2495765A-0B39-4150-80A2-3BA5CA1F3B25}.Debug|Any CPU.ActiveCfg = Debug|Any CPU
		{2495765A-0B39-4150-80A2-3BA5CA1F3B25}.Debug|Any CPU.Build.0 = Debug|Any CPU
		{2495765A-0B39-4150-80A2-3BA5CA1F3B25}.Release|Any CPU.ActiveCfg = Release|Any CPU
		{2495765A-0B39-4150-80A2-3BA5CA1F3B25}.Release|Any CPU.Build.0 = Release|Any CPU
	EndGlobalSection
EndGlobal
