
Microsoft Visual Studio Solution File, Format Version 12.00
Project("{FAE04EC0-301F-11D3-BF4B-00C04F79EFBC}") = "PR2_4", "PR2_4\PR2_4.csproj", "{C7E0D3B8-ECE8-4969-9348-4D6F2615D4CE}"
EndProject
Global
	GlobalSection(SolutionConfigurationPlatforms) = preSolution
		Debug|Any CPU = Debug|Any CPU
		Release|Any CPU = Release|Any CPU
	EndGlobalSection
	GlobalSection(ProjectConfigurationPlatforms) = postSolution
		{C7E0D3B8-ECE8-4969-9348-4D6F2615D4CE}.Debug|Any CPU.ActiveCfg = Debug|Any CPU
		{C7E0D3B8-ECE8-4969-9348-4D6F2615D4CE}.Debug|Any CPU.Build.0 = Debug|Any CPU
		{C7E0D3B8-ECE8-4969-9348-4D6F2615D4CE}.Release|Any CPU.ActiveCfg = Release|Any CPU
		{C7E0D3B8-ECE8-4969-9348-4D6F2615D4CE}.Release|Any CPU.Build.0 = Release|Any CPU
	EndGlobalSection
EndGlobal
